# THIS IS AN AUTOGENERATED FILE. DO NOT EDIT THIS FILE DIRECTLY.
# yarn lockfile v1


"@json2csv/formatters@^6.1.3":
  version "6.1.3"
  resolved "https://registry.yarnpkg.com/@json2csv/formatters/-/formatters-6.1.3.tgz#a6ef3661f339a0c28f43256abba68faf9e9a60cb"
  integrity sha512-Yhs6eXTMhSrNFLTuVnhwjgJem2x+z0YZc0YxdCavoDf/tfz6LBVPVVoJPl9tXaCIfPZY9ybRB6sqPQqZTzkNuw==

"@json2csv/plainjs@^6.1.2":
  version "6.1.3"
  resolved "https://registry.yarnpkg.com/@json2csv/plainjs/-/plainjs-6.1.3.tgz#b990ac54e8a1d2a6cedcfe9ab1e961a1f9013806"
  integrity sha512-8cH/yVAPt1edDq/2Krr4elS2uJFWAdMQDH+ocuepjyh7lmBHEHv5kU0bqbYpd5ZpKTizshotsKk7KYA3nx4CCw==
  dependencies:
    "@json2csv/formatters" "^6.1.3"
    "@streamparser/json" "^0.0.12"
    lodash.get "^4.4.2"

"@streamparser/json@^0.0.12":
  version "0.0.12"
  resolved "https://registry.yarnpkg.com/@streamparser/json/-/json-0.0.12.tgz#c11ae41e8ec926c0939a8866c2db4a7d64808435"
  integrity sha512-+kmRpd+EeTFd3qNt1AoKphJqbAN26ZDsbiwqjBFeoAmdCyiUO19xMXPtYi9vovAj9a7OAJnvWtiHkwwjU2Fx4Q==

csv-to-markdown-table@^1.3.0:
  version "1.3.0"
  resolved "https://registry.yarnpkg.com/csv-to-markdown-table/-/csv-to-markdown-table-1.3.0.tgz#b8234e33275c03968306fff656ae32da19d9bbd7"
  integrity sha512-Vu9egsDU4kgfWy2mcw6q+2jJKsY4hB8XdbtyivEaWUvejhGtmUwSyLBbzb1nTi2o7Um+vhhRU4DBZr+ByCwLgQ==

lodash.get@^4.4.2:
  version "4.4.2"
  resolved "https://registry.yarnpkg.com/lodash.get/-/lodash.get-4.4.2.tgz#2d177f652fa31e939b4438d5341499dfa3825e99"
  integrity sha512-z+Uw/vLuy6gQe8cfaFWD7p0wVv8fJl3mbzXh33RS+0oW2wvUqiRXiQ69gLWSLpgB5/6sU+r6BlQR0MBILadqTQ==

yaml@^2.2.1:
  version "2.2.1"
  resolved "https://registry.yarnpkg.com/yaml/-/yaml-2.2.1.tgz#3014bf0482dcd15147aa8e56109ce8632cd60ce4"
  integrity sha512-e0WHiYql7+9wr4cWMx3TVQrNwejKaEe7/rHNmQmqRjazfOP5W8PB6Jpebb5o6fIapbz9o9+2ipcaTM2ZwDI6lw==
